
Microsoft Visual Studio Solution File, Format Version 12.00
# Visual Studio Version 16
VisualStudioVersion = 16.0.29609.76
MinimumVisualStudioVersion = 10.0.40219.1
Project("{9A19103F-16F7-4668-BE54-9A1E7A4F7556}") = "hostbuilder", "hostbuilder\hostbuilder.csproj", "{32D0EE0C-7A00-4651-AEF3-A8DDC42D9433}"
EndProject
Global
	GlobalSection(SolutionConfigurationPlatforms) = preSolution
		Debug|Any CPU = Debug|Any CPU
		Release|Any CPU = Release|Any CPU
	EndGlobalSection
	GlobalSection(ProjectConfigurationPlatforms) = postSolution
		{32D0EE0C-7A00-4651-AEF3-A8DDC42D9433}.Debug|Any CPU.ActiveCfg = Debug|Any CPU
		{32D0EE0C-7A00-4651-AEF3-A8DDC42D9433}.Debug|Any CPU.Build.0 = Debug|Any CPU
		{32D0EE0C-7A00-4651-AEF3-A8DDC42D9433}.Release|Any CPU.ActiveCfg = Release|Any CPU
		{32D0EE0C-7A00-4651-AEF3-A8DDC42D9433}.Release|Any CPU.Build.0 = Release|Any CPU
	EndGlobalSection
	GlobalSection(SolutionProperties) = preSolution
		HideSolutionNode = FALSE
	EndGlobalSection
	GlobalSection(ExtensibilityGlobals) = postSolution
		SolutionGuid = {06B35616-FCD5-43BE-BAA3-3A650A366208}
	EndGlobalSection
EndGlobal
